// !$*UTF8*$!
{
	archiveVersion = 1;
	classes = {
	};
	objectVersion = 50;
	objects = {

/* Begin PBXBuildFile section */
		A06DAE8324B6226D00E03521 /* AppDelegate.swift in Sources */ = {isa = PBXBuildFile; fileRef = A06DAE8224B6226D00E03521 /* AppDelegate.swift */; };
		A06DAE8524B6226D00E03521 /* SceneDelegate.swift in Sources */ = {isa = PBXBuildFile; fileRef = A06DAE8424B6226D00E03521 /* SceneDelegate.swift */; };
		A06DAE8724B6226D00E03521 /* ViewController.swift in Sources */ = {isa = PBXBuildFile; fileRef = A06DAE8624B6226D00E03521 /* ViewController.swift */; };
		A06DAE8A24B6226D00E03521 /* Main.storyboard in Resources */ = {isa = PBXBuildFile; fileRef = A06DAE8824B6226D00E03521 /* Main.storyboard */; };
		A06DAE8C24B6227100E03521 /* Assets.xcassets in Resources */ = {isa = PBXBuildFile; fileRef = A06DAE8B24B6227100E03521 /* Assets.xcassets */; };
		A06DAE8F24B6227100E03521 /* LaunchScreen.storyboard in Resources */ = {isa = PBXBuildFile; fileRef = A06DAE8D24B6227100E03521 /* LaunchScreen.storyboard */; };
/* End PBXBuildFile section */

/* Begin PBXFileReference section */
		A06DAE7F24B6226D00E03521 /* ExpandenCell.app */ = {isa = PBXFileReference; explicitFileType = wrapper.application; includeInIndex = 0; path = ExpandenCell.app; sourceTree = BUILT_PRODUCTS_DIR; };
		A06DAE8224B6226D00E03521 /* AppDelegate.swift */ = {isa = PBXFileReference; lastKnownFileType = sourcecode.swift; path = AppDelegate.swift; sourceTree = "<group>"; };
		A06DAE8424B6226D00E03521 /* SceneDelegate.swift */ = {isa = PBXFileReference; lastKnownFileType = sourcecode.swift; path = SceneDelegate.swift; sourceTree = "<group>"; };
		A06DAE8624B6226D00E03521 /* ViewController.swift */ = {isa = PBXFileReference; lastKnownFileType = sourcecode.swift; path = ViewController.swift; sourceTree = "<group>"; };
		A06DAE8924B6226D00E03521 /* Base */ = {isa = PBXFileReference; lastKnownFileType = file.storyboard; name = Base; path = Base.lproj/Main.storyboard; sourceTree = "<group>"; };
		A06DAE8B24B6227100E03521 /* Assets.xcassets */ = {isa = PBXFileReference; lastKnownFileType = folder.assetcatalog; path = Assets.xcassets; sourceTree = "<group>"; };
		A06DAE8E24B6227100E03521 /* Base */ = {isa = PBXFileReference; lastKnownFileType = file.storyboard; name = Base; path = Base.lproj/LaunchScreen.storyboard; sourceTree = "<group>"; };
		A06DAE9024B6227100E03521 /* Info.plist */ = {isa = PBXFileReference; lastKnownFileType = text.plist.xml; path = Info.plist; sourceTree = "<group>"; };
/* End PBXFileReference section */

/* Begin PBXFrameworksBuildPhase section */
		A06DAE7C24B6226D00E03521 /* Frameworks */ = {
			isa = PBXFrameworksBuildPhase;
			buildActionMask = 2147483647;
			files = (
			);
			runOnlyForDeploymentPostprocessing = 0;
		};
/* End PBXFrameworksBuildPhase section */

/* Begin PBXGroup section */
		A06DAE7624B6226C00E03521 = {
			isa = PBXGroup;
			children = (
				A06DAE8124B6226D00E03521 /* ExpandenCell */,
				A06DAE8024B6226D00E03521 /* Products */,
			);
			sourceTree = "<group>";
		};
		A06DAE8024B6226D00E03521 /* Products */ = {
			isa = PBXGroup;
			children = (
				A06DAE7F24B6226D00E03521 /* ExpandenCell.app */,
			);
			name = Products;
			sourceTree = "<group>";
		};
		A06DAE8124B6226D00E03521 /* ExpandenCell */ = {
			isa = PBXGroup;
			children = (
				A06DAE8224B6226D00E03521 /* AppDelegate.swift */,
				A06DAE8424B6226D00E03521 /* SceneDelegate.swift */,
				A06DAE8624B6226D00E03521 /* ViewController.swift */,
				A06DAE8824B6226D00E03521 /* Main.storyboard */,
				A06DAE8B24B6227100E03521 /* Assets.xcassets */,
				A06DAE8D24B6227100E03521 /* LaunchScreen.storyboard */,
				A06DAE9024B6227100E03521 /* Info.plist */,
			);
			path = ExpandenCell;
			sourceTree = "<group>";
		};
/* End PBXGroup section */

/* Begin PBXNativeTarget section */
		A06DAE7E24B6226D00E03521 /* ExpandenCell */ = {
			isa = PBXNativeTarget;
			buildConfigurationList = A06DAE9324B6227100E03521 /* Build configuration list for PBXNativeTarget "ExpandenCell" */;
			buildPhases = (
				A06DAE7B24B6226D00E03521 /* Sources */,
				A06DAE7C24B6226D00E03521 /* Frameworks */,
				A06DAE7D24B6226D00E03521 /* Resources */,
			);
			buildRules = (
			);
			dependencies = (
			);
			name = ExpandenCell;
			productName = ExpandenCell;
			productReference = A06DAE7F24B6226D00E03521 /* ExpandenCell.app */;
			productType = "com.apple.product-type.application";
		};
/* End PBXNativeTarget section */

/* Begin PBXProject section */
		A06DAE7724B6226D00E03521 /* Project object */ = {
			isa = PBXProject;
			attributes = {
				LastSwiftUpdateCheck = 1130;
				LastUpgradeCheck = 1130;
				ORGANIZATIONNAME = Zizlak;
				TargetAttributes = {
					A06DAE7E24B6226D00E03521 = {
						CreatedOnToolsVersion = 11.3;
					};
				};
			};
			buildConfigurationList = A06DAE7A24B6226D00E03521 /* Build configuration list for PBXProject "ExpandenCell" */;
			compatibilityVersion = "Xcode 9.3";
			developmentRegion = en;
			hasScannedForEncodings = 0;
			knownRegions = (
				en,
				Base,
			);
			mainGroup = A06DAE7624B6226C00E03521;
			productRefGroup = A06DAE8024B6226D00E03521 /* Products */;
			projectDirPath = "";
			projectRoot = "";
			targets = (
				A06DAE7E24B6226D00E03521 /* ExpandenCell */,
			);
		};
/* End PBXProject section */

/* Begin PBXResourcesBuildPhase section */
		A06DAE7D24B6226D00E03521 /* Resources */ = {
			isa = PBXResourcesBuildPhase;
			buildActionMask = 2147483647;
			files = (
				A06DAE8F24B6227100E03521 /* LaunchScreen.storyboard in Resources */,
				A06DAE8C24B6227100E03521 /* Assets.xcassets in Resources */,
				A06DAE8A24B6226D00E03521 /* Main.storyboard in Resources */,
			);
			runOnlyForDeploymentPostprocessing = 0;
		};
/* End PBXResourcesBuildPhase section */

/* Begin PBXSourcesBuildPhase section */
		A06DAE7B24B6226D00E03521 /* Sources */ = {
			isa = PBXSourcesBuildPhase;
			buildActionMask = 2147483647;
			files = (
				A06DAE8724B6226D00E03521 /* ViewController.swift in Sources */,
				A06DAE8324B6226D00E03521 /* AppDelegate.swift in Sources */,
				A06DAE8524B6226D00E03521 /* SceneDelegate.swift in Sources */,
			);
			runOnlyForDeploymentPostprocessing = 0;
		};
/* End PBXSourcesBuildPhase section */

/* Begin PBXVariantGroup section */
		A06DAE8824B6226D00E03521 /* Main.storyboard */ = {
			isa = PBXVariantGroup;
			children = (
				A06DAE8924B6226D00E03521 /* Base */,
			);
			name = Main.storyboard;
			sourceTree = "<group>";
		};
		A06DAE8D24B6227100E03521 /* LaunchScreen.storyboard */ = {
			isa = PBXVariantGroup;
			children = (
				A06DAE8E24B6227100E03521 /* Base */,
			);
			name = LaunchScreen.storyboard;
			sourceTree = "<group>";
		};
/* End PBXVariantGroup section */

/* Begin XCBuildConfiguration section */
		A06DAE9124B6227100E03521 /* Debug */ = {
			isa = XCBuildConfiguration;
			buildSettings = {
				ALWAYS_SEARCH_USER_PATHS = NO;
				CLANG_ANALYZER_NONNULL = YES;
				CLANG_ANALYZER_NUMBER_OBJECT_CONVERSION = YES_AGGRESSIVE;
				CLANG_CXX_LANGUAGE_STANDARD = "gnu++14";
				CLANG_CXX_LIBRARY = "libc++";
				CLANG_ENABLE_MODULES = YES;
				CLANG_ENABLE_OBJC_ARC = YES;
				CLANG_ENABLE_OBJC_WEAK = YES;
				CLANG_WARN_BLOCK_CAPTURE_AUTORELEASING = YES;
				CLANG_WARN_BOOL_CONVERSION = YES;
				CLANG_WARN_COMMA = YES;
				CLANG_WARN_CONSTANT_CONVERSION = YES;
				CLANG_WARN_DEPRECATED_OBJC_IMPLEMENTATIONS = YES;
				CLANG_WARN_DIRECT_OBJC_ISA_USAGE = YES_ERROR;
				CLANG_WARN_DOCUMENTATION_COMMENTS = YES;
				CLANG_WARN_EMPTY_BODY = YES;
				CLANG_WARN_ENUM_CONVERSION = YES;
				CLANG_WARN_INFINITE_RECURSION = YES;
				CLANG_WARN_INT_CONVERSION = YES;
				CLANG_WARN_NON_LITERAL_NULL_CONVERSION = YES;
				CLANG_WARN_OBJC_IMPLICIT_RETAIN_SELF = YES;
				CLANG_WARN_OBJC_LITERAL_CONVERSION = YES;
				CLANG_WARN_OBJC_ROOT_CLASS = YES_ERROR;
				CLANG_WARN_RANGE_LOOP_ANALYSIS = YES;
				CLANG_WARN_STRICT_PROTOTYPES = YES;
				CLANG_WARN_SUSPICIOUS_MOVE = YES;
				CLANG_WARN_UNGUARDED_AVAILABILITY = YES_AGGRESSIVE;
				CLANG_WARN_UNREACHABLE_CODE = YES;
				CLANG_WARN__DUPLICATE_METHOD_MATCH = YES;
				COPY_PHASE_STRIP = NO;
				DEBUG_INFORMATION_FORMAT = dwarf;
				ENABLE_STRICT_OBJC_MSGSEND = YES;
				ENABLE_TESTABILITY = YES;
				GCC_C_LANGUAGE_STANDARD = gnu11;
				GCC_DYNAMIC_NO_PIC = NO;
				GCC_NO_COMMON_BLOCKS = YES;
				GCC_OPTIMIZATION_LEVEL = 0;
				GCC_PREPROCESSOR_DEFINITIONS = (
					"DEBUG=1",
					"$(inherited)",
				);
				GCC_WARN_64_TO_32_BIT_CONVERSION = YES;
				GCC_WARN_ABOUT_RETURN_TYPE = YES_ERROR;
				GCC_WARN_UNDECLARED_SELECTOR = YES;
				GCC_WARN_UNINITIALIZED_AUTOS = YES_AGGRESSIVE;
				GCC_WARN_UNUSED_FUNCTION = YES;
				GCC_WARN_UNUSED_VARIABLE = YES;
				IPHONEOS_DEPLOYMENT_TARGET = 13.2;
				MTL_ENABLE_DEBUG_INFO = INCLUDE_SOURCE;
				MTL_FAST_MATH = YES;
				ONLY_ACTIVE_ARCH = YES;
				SDKROOT = iphoneos;
				SWIFT_ACTIVE_COMPILATION_CONDITIONS = DEBUG;
				SWIFT_OPTIMIZATION_LEVEL = "-Onone";
			};
			name = Debug;
		};
		A06DAE9224B6227100E03521 /* Release */ = {
			isa = XCBuildConfiguration;
			buildSettings = {
				ALWAYS_SEARCH_USER_PATHS = NO;
				CLANG_ANALYZER_NONNULL = YES;
				CLANG_ANALYZER_NUMBER_OBJECT_CONVERSION = YES_AGGRESSIVE;
				CLANG_CXX_LANGUAGE_STANDARD = "gnu++14";
				CLANG_CXX_LIBRARY = "libc++";
				CLANG_ENABLE_MODULES = YES;
				CLANG_ENABLE_OBJC_ARC = YES;
				CLANG_ENABLE_OBJC_WEAK = YES;
				CLANG_WARN_BLOCK_CAPTURE_AUTORELEASING = YES;
				CLANG_WARN_BOOL_CONVERSION = YES;
				CLANG_WARN_COMMA = YES;
				CLANG_WARN_CONSTANT_CONVERSION = YES;
				CLANG_WARN_DEPRECATED_OBJC_IMPLEMENTATIONS = YES;
				CLANG_WARN_DIRECT_OBJC_ISA_USAGE = YES_ERROR;
				CLANG_WARN_DOCUMENTATION_COMMENTS = YES;
				CLANG_WARN_EMPTY_BODY = YES;
				CLANG_WARN_ENUM_CONVERSION = YES;
				CLANG_WARN_INFINITE_RECURSION = YES;
				CLANG_WARN_INT_CONVERSION = YES;
				CLANG_WARN_NON_LITERAL_NULL_CONVERSION = YES;
				CLANG_WARN_OBJC_IMPLICIT_RETAIN_SELF = YES;
				CLANG_WARN_OBJC_LITERAL_CONVERSION = YES;
				CLANG_WARN_OBJC_ROOT_CLASS = YES_ERROR;
				CLANG_WARN_RANGE_LOOP_ANALYSIS = YES;
				CLANG_WARN_STRICT_PROTOTYPES = YES;
				CLANG_WARN_SUSPICIOUS_MOVE = YES;
				CLANG_WARN_UNGUARDED_AVAILABILITY = YES_AGGRESSIVE;
				CLANG_WARN_UNREACHABLE_CODE = YES;
				CLANG_WARN__DUPLICATE_METHOD_MATCH = YES;
				COPY_PHASE_STRIP = NO;
				DEBUG_INFORMATION_FORMAT = "dwarf-with-dsym";
				ENABLE_NS_ASSERTIONS = NO;
				ENABLE_STRICT_OBJC_MSGSEND = YES;
				GCC_C_LANGUAGE_STANDARD = gnu11;
				GCC_NO_COMMON_BLOCKS = YES;
				GCC_WARN_64_TO_32_BIT_CONVERSION = YES;
				GCC_WARN_ABOUT_RETURN_TYPE = YES_ERROR;
				GCC_WARN_UNDECLARED_SELECTOR = YES;
				GCC_WARN_UNINITIALIZED_AUTOS = YES_AGGRESSIVE;
				GCC_WARN_UNUSED_FUNCTION = YES;
				GCC_WARN_UNUSED_VARIABLE = YES;
				IPHONEOS_DEPLOYMENT_TARGET = 13.2;
				MTL_ENABLE_DEBUG_INFO = NO;
				MTL_FAST_MATH = YES;
				SDKROOT = iphoneos;
				SWIFT_COMPILATION_MODE = wholemodule;
				SWIFT_OPTIMIZATION_LEVEL = "-O";
				VALIDATE_PRODUCT = YES;
			};
			name = Release;
		};
		A06DAE9424B6227100E03521 /* Debug */ = {
			isa = XCBuildConfiguration;
			buildSettings = {
				ASSETCATALOG_COMPILER_APPICON_NAME = AppIcon;
				CODE_SIGN_STYLE = Automatic;
				DEVELOPMENT_TEAM = 2SFU59SCCX;
				INFOPLIST_FILE = ExpandenCell/Info.plist;
				LD_RUNPATH_SEARCH_PATHS = (
					"$(inherited)",
					"@executable_path/Frameworks",
				);
				PRODUCT_BUNDLE_IDENTIFIER = com.zizlak.ExpandenCell;
				PRODUCT_NAME = "$(TARGET_NAME)";
				SWIFT_VERSION = 5.0;
				TARGETED_DEVICE_FAMILY = "1,2";
			};
			name = Debug;
		};
		A06DAE9524B6227100E03521 /* Release */ = {
			isa = XCBuildConfiguration;
			buildSettings = {
				ASSETCATALOG_COMPILER_APPICON_NAME = AppIcon;
				CODE_SIGN_STYLE = Automatic;
				DEVELOPMENT_TEAM = 2SFU59SCCX;
				INFOPLIST_FILE = ExpandenCell/Info.plist;
				LD_RUNPATH_SEARCH_PATHS = (
					"$(inherited)",
					"@executable_path/Frameworks",
				);
				PRODUCT_BUNDLE_IDENTIFIER = com.zizlak.ExpandenCell;
				PRODUCT_NAME = "$(TARGET_NAME)";
				SWIFT_VERSION = 5.0;
				TARGETED_DEVICE_FAMILY = "1,2";
			};
			name = Release;
		};
/* End XCBuildConfiguration section */

/* Begin XCConfigurationList section */
		A06DAE7A24B6226D00E03521 /* Build configuration list for PBXProject "ExpandenCell" */ = {
			isa = XCConfigurationList;
			buildConfigurations = (
				A06DAE9124B6227100E03521 /* Debug */,
				A06DAE9224B6227100E03521 /* Release */,
			);
			defaultConfigurationIsVisible = 0;
			defaultConfigurationName = Release;
		};
		A06DAE9324B6227100E03521 /* Build configuration list for PBXNativeTarget "ExpandenCell" */ = {
			isa = XCConfigurationList;
			buildConfigurations = (
				A06DAE9424B6227100E03521 /* Debug */,
				A06DAE9524B6227100E03521 /* Release */,
			);
			defaultConfigurationIsVisible = 0;
			defaultConfigurationName = Release;
		};
/* End XCConfigurationList section */
	};
	rootObject = A06DAE7724B6226D00E03521 /* Project object */;
}
